
Microsoft Visual Studio Solution File, Format Version 12.00
# Visual Studio Version 17
VisualStudioVersion = 17.4.33122.133
MinimumVisualStudioVersion = 10.0.40219.1
Project("{FAE04EC0-301F-11D3-BF4B-00C04F79EFBC}") = "Authorization_Window", "Authorization_Window\Authorization_Window.csproj", "{528DC6F4-5B6A-4849-BE5A-0001752C7E1B}"
EndProject
Global
	GlobalSection(SolutionConfigurationPlatforms) = preSolution
		Debug|Any CPU = Debug|Any CPU
		Release|Any CPU = Release|Any CPU
	EndGlobalSection
	GlobalSection(ProjectConfigurationPlatforms) = postSolution
		{528DC6F4-5B6A-4849-BE5A-0001752C7E1B}.Debug|Any CPU.ActiveCfg = Debug|Any CPU
		{528DC6F4-5B6A-4849-BE5A-0001752C7E1B}.Debug|Any CPU.Build.0 = Debug|Any CPU
		{528DC6F4-5B6A-4849-BE5A-0001752C7E1B}.Release|Any CPU.ActiveCfg = Release|Any CPU
		{528DC6F4-5B6A-4849-BE5A-0001752C7E1B}.Release|Any CPU.Build.0 = Release|Any CPU
	EndGlobalSection
	GlobalSection(SolutionProperties) = preSolution
		HideSolutionNode = FALSE
	EndGlobalSection
	GlobalSection(ExtensibilityGlobals) = postSolution
		SolutionGuid = {6A423B43-21E4-405C-A2FC-BEB7919BBA5F}
	EndGlobalSection
EndGlobal
